
Microsoft Visual Studio Solution File, Format Version 12.00
# Visual Studio 2015
Project("{FAE04EC0-301F-11D3-BF4B-00C04F79EFBC}") = "Unity-Modbus", "Unity-Modbus.csproj", "{4D735B98-72A5-DDD9-B1FF-6E715999FCD2}"
EndProject
Global
	GlobalSection(SolutionConfigurationPlatforms) = preSolution
		Debug|Any CPU = Debug|Any CPU
		Release|Any CPU = Release|Any CPU
	EndGlobalSection
	GlobalSection(ProjectConfigurationPlatforms) = postSolution
		{4D735B98-72A5-DDD9-B1FF-6E715999FCD2}.Debug|Any CPU.ActiveCfg = Debug|Any CPU
		{4D735B98-72A5-DDD9-B1FF-6E715999FCD2}.Debug|Any CPU.Build.0 = Debug|Any CPU
		{4D735B98-72A5-DDD9-B1FF-6E715999FCD2}.Release|Any CPU.ActiveCfg = Release|Any CPU
		{4D735B98-72A5-DDD9-B1FF-6E715999FCD2}.Release|Any CPU.Build.0 = Release|Any CPU
	EndGlobalSection
	GlobalSection(SolutionProperties) = preSolution
		HideSolutionNode = FALSE
	EndGlobalSection
EndGlobal
